
Microsoft Visual Studio Solution File, Format Version 12.00
# Visual Studio Version 17
VisualStudioVersion = 17.3.32922.545
MinimumVisualStudioVersion = 10.0.40219.1
Project("{8BC9CEB8-8B4A-11D0-8D11-00A0C91BC942}") = "InsertionSort vector", "InsertionSort vector\InsertionSort vector.vcxproj", "{16815165-7F0B-4158-978A-C8DF72343D0F}"
EndProject
Global
	GlobalSection(SolutionConfigurationPlatforms) = preSolution
		Debug|x64 = Debug|x64
		Debug|x86 = Debug|x86
		Release|x64 = Release|x64
		Release|x86 = Release|x86
	EndGlobalSection
	GlobalSection(ProjectConfigurationPlatforms) = postSolution
		{16815165-7F0B-4158-978A-C8DF72343D0F}.Debug|x64.ActiveCfg = Debug|x64
		{16815165-7F0B-4158-978A-C8DF72343D0F}.Debug|x64.Build.0 = Debug|x64
		{16815165-7F0B-4158-978A-C8DF72343D0F}.Debug|x86.ActiveCfg = Debug|Win32
		{16815165-7F0B-4158-978A-C8DF72343D0F}.Debug|x86.Build.0 = Debug|Win32
		{16815165-7F0B-4158-978A-C8DF72343D0F}.Release|x64.ActiveCfg = Release|x64
		{16815165-7F0B-4158-978A-C8DF72343D0F}.Release|x64.Build.0 = Release|x64
		{16815165-7F0B-4158-978A-C8DF72343D0F}.Release|x86.ActiveCfg = Release|Win32
		{16815165-7F0B-4158-978A-C8DF72343D0F}.Release|x86.Build.0 = Release|Win32
	EndGlobalSection
	GlobalSection(SolutionProperties) = preSolution
		HideSolutionNode = FALSE
	EndGlobalSection
	GlobalSection(ExtensibilityGlobals) = postSolution
		SolutionGuid = {76456FF8-F9AD-44AC-8C84-B2F70798FBB8}
	EndGlobalSection
EndGlobal
